
Microsoft Visual Studio Solution File, Format Version 12.00
# Visual Studio Version 16
VisualStudioVersion = 16.0.32407.337
MinimumVisualStudioVersion = 10.0.40219.1
Project("{FAE04EC0-301F-11D3-BF4B-00C04F79EFBC}") = "SocketServer", "SocketServer.csproj", "{80B91C35-0135-4B8D-8EB7-81CEA1168303}"
EndProject
Global
	GlobalSection(SolutionConfigurationPlatforms) = preSolution
		Debug|Any CPU = Debug|Any CPU
		Release|Any CPU = Release|Any CPU
	EndGlobalSection
	GlobalSection(ProjectConfigurationPlatforms) = postSolution
		{80B91C35-0135-4B8D-8EB7-81CEA1168303}.Debug|Any CPU.ActiveCfg = Debug|Any CPU
		{80B91C35-0135-4B8D-8EB7-81CEA1168303}.Debug|Any CPU.Build.0 = Debug|Any CPU
		{80B91C35-0135-4B8D-8EB7-81CEA1168303}.Release|Any CPU.ActiveCfg = Release|Any CPU
		{80B91C35-0135-4B8D-8EB7-81CEA1168303}.Release|Any CPU.Build.0 = Release|Any CPU
	EndGlobalSection
	GlobalSection(SolutionProperties) = preSolution
		HideSolutionNode = FALSE
	EndGlobalSection
	GlobalSection(ExtensibilityGlobals) = postSolution
		SolutionGuid = {792FCE3B-6255-404A-AA07-042DE17472A3}
	EndGlobalSection
EndGlobal
